
Microsoft Visual Studio Solution File, Format Version 12.00
# Visual Studio Version 17
VisualStudioVersion = 17.4.33213.308
MinimumVisualStudioVersion = 10.0.40219.1
Project("{9A19103F-16F7-4668-BE54-9A1E7A4F7556}") = "DwellersApi", "DwellersApi\DwellersApi.csproj", "{91D22977-D16A-4385-977D-ABF959E41C3C}"
EndProject
Project("{9A19103F-16F7-4668-BE54-9A1E7A4F7556}") = "SharedKernel", "SharedKernel\SharedKernel.csproj", "{4C6520B4-D6C6-4A71-BB3E-0046536C9784}"
EndProject
Project("{2150E333-8FDC-42A3-9474-1A3956D46DE8}") = "Modules", "Modules", "{AB869E0A-360E-44AF-B2CC-D5DFCC77F278}"
EndProject
Project("{2150E333-8FDC-42A3-9474-1A3956D46DE8}") = "Tests", "Tests", "{500FE27F-380B-4F9C-9077-7CB124CE022C}"
EndProject
Project("{9A19103F-16F7-4668-BE54-9A1E7A4F7556}") = "DwellersApi.Tests", "DwellersApi.Tests\DwellersApi.Tests.csproj", "{2C776FDF-A62E-4D49-B3EF-20CB30CE3923}"
EndProject
Project("{9A19103F-16F7-4668-BE54-9A1E7A4F7556}") = "Dwellers.Chat", "Dwellers.Chat\Dwellers.Chat.csproj", "{D01F180C-93C8-4505-BA83-B1B833B8E90E}"
EndProject
Project("{9A19103F-16F7-4668-BE54-9A1E7A4F7556}") = "Dwellers.Authentication", "Dwellers.Authentication\Dwellers.Authentication.csproj", "{84380750-A980-46C0-81E8-BCEF602E78C2}"
EndProject
Project("{9A19103F-16F7-4668-BE54-9A1E7A4F7556}") = "Dwellers.Offerings", "Dwellers.Offerings\Dwellers.Offerings.csproj", "{376CBC09-8B4F-4FB7-B1D6-837AA8456B53}"
EndProject
Project("{9A19103F-16F7-4668-BE54-9A1E7A4F7556}") = "Dwellers.Calendar", "Dwellers.Calendar\Dwellers.Calendar.csproj", "{559E4F4A-D509-4057-9C92-0B75FCA08AF0}"
EndProject
Project("{2150E333-8FDC-42A3-9474-1A3956D46DE8}") = "Offerings", "Offerings", "{C098B2F0-3FD9-417D-89F7-15E8E5823473}"
EndProject
Project("{9A19103F-16F7-4668-BE54-9A1E7A4F7556}") = "Dwellers.Offerings.Contracts", "Dwellers.Offerings.Contracts\Dwellers.Offerings.Contracts.csproj", "{65E2057E-0520-4B36-A7EE-D22A7E1E8884}"
EndProject
Project("{9A19103F-16F7-4668-BE54-9A1E7A4F7556}") = "Dwellers.Calendar.Contracts", "Dwellers.Calendar.Contracts\Dwellers.Calendar.Contracts.csproj", "{78B8736D-EBD9-4753-B72F-1BC664BB84AF}"
EndProject
Project("{2150E333-8FDC-42A3-9474-1A3956D46DE8}") = "Authentication", "Authentication", "{95F59F7C-D9D3-4415-B2B9-F9791DC2B6DE}"
EndProject
Project("{9A19103F-16F7-4668-BE54-9A1E7A4F7556}") = "Dwellers.Authentication.Contracts", "Dwellers.Authentication.Contracts\Dwellers.Authentication.Contracts.csproj", "{E93C6BF8-DE0A-446B-91EE-F33DCD178CEC}"
EndProject
Project("{9A19103F-16F7-4668-BE54-9A1E7A4F7556}") = "Dwellers.Chat.Contracts", "Dwellers.Chat.Contracts\Dwellers.Chat.Contracts.csproj", "{31C742FC-AFBC-408F-BE89-48E43470507A}"
EndProject
Project("{2150E333-8FDC-42A3-9474-1A3956D46DE8}") = "Chat", "Chat", "{D7CBA853-CF41-4810-AE39-F7329BC85C2E}"
EndProject
Project("{2150E333-8FDC-42A3-9474-1A3956D46DE8}") = "Calendar", "Calendar", "{D5B71047-E08B-4FD0-95A9-FA4651F77F81}"
EndProject
Project("{9A19103F-16F7-4668-BE54-9A1E7A4F7556}") = "Dwellers.Common.Persistance", "Dwellers.Common.Persistance\Dwellers.Common.Persistance.csproj", "{42D119E5-F187-4E99-9B17-94F74621ECD5}"
EndProject
Project("{9A19103F-16F7-4668-BE54-9A1E7A4F7556}") = "Dwellers.Common.Data", "Dwellers.Common.Data\Dwellers.Common.Data.csproj", "{A822D1CA-A65B-4C19-AA87-E36C714C6081}"
EndProject
Project("{9A19103F-16F7-4668-BE54-9A1E7A4F7556}") = "Dwellers.Calendar.Domain", "Dwellers.Calendar.Domain\Dwellers.Calendar.Domain.csproj", "{363486B9-C6AA-4E44-B43E-4C54545B6A22}"
EndProject
Project("{9A19103F-16F7-4668-BE54-9A1E7A4F7556}") = "Dwellers.Chat.Domain", "Dwellers.Chat.Domain\Dwellers.Chat.Domain.csproj", "{EAEEBCE6-09A8-462F-9614-4FE4B6EB093D}"
EndProject
Project("{9A19103F-16F7-4668-BE54-9A1E7A4F7556}") = "Dwellers.Offerings.Domain", "Dwellers.Offerings.Domain\Dwellers.Offerings.Domain.csproj", "{00D208C9-59B6-40D2-8D06-F87A7BB6927A}"
EndProject
Project("{2150E333-8FDC-42A3-9474-1A3956D46DE8}") = "Bulletins", "Bulletins", "{A094301B-2AE9-4D82-9F72-CC673B20AC50}"
EndProject
Project("{9A19103F-16F7-4668-BE54-9A1E7A4F7556}") = "Dwellers.Bulletins.Contracts", "Dwellers.Bulletins.Contracts\Dwellers.Bulletins.Contracts.csproj", "{DB5D7536-39F0-4DC3-9AE7-FE0EA9C72A17}"
EndProject
Project("{9A19103F-16F7-4668-BE54-9A1E7A4F7556}") = "Dwellers.Bulletins.Application", "Dwellers.Bulletins.Application\Dwellers.Bulletins.Application.csproj", "{452297CA-0365-4DA3-AE19-AA19DD7124E6}"
EndProject
Project("{9A19103F-16F7-4668-BE54-9A1E7A4F7556}") = "Dwellers.Bulletins.Domain", "Dwellers.Bulletins.Domain\Dwellers.Bulletins.Domain.csproj", "{6B5E652D-F5DF-47FC-B1C7-91863F92105A}"
EndProject
Project("{2150E333-8FDC-42A3-9474-1A3956D46DE8}") = "Test", "Test", "{9798522E-DF61-4D8F-A030-BE5D1C7E76EA}"
EndProject
Project("{9A19103F-16F7-4668-BE54-9A1E7A4F7556}") = "Dwellers.Bulletins.Domain.Test", "Dwellers.Bulletins.Domain.Test\Dwellers.Bulletins.Domain.Test.csproj", "{98B229C7-84B3-443F-9288-F9575A41BB1A}"
EndProject
Project("{2150E333-8FDC-42A3-9474-1A3956D46DE8}") = "DwellerCore", "DwellerCore", "{083C602A-5DA2-4347-AA40-8F761D0C5387}"
EndProject
Project("{9A19103F-16F7-4668-BE54-9A1E7A4F7556}") = "Dwellers.DwellerCore", "Dwellers.DwellerCore.Application\Dwellers.DwellerCore.csproj", "{FE81738A-0D72-4EC1-A916-83D52A6A5B4C}"
EndProject
Project("{9A19103F-16F7-4668-BE54-9A1E7A4F7556}") = "Dwellers.DwellerCore.Domain", "Dwellers.DwellerCore.Domain\Dwellers.DwellerCore.Domain.csproj", "{46B78F6B-89D4-496D-A944-4B1C1A881525}"
EndProject
Project("{9A19103F-16F7-4668-BE54-9A1E7A4F7556}") = "Dwellers.DwellerCore.Contracts", "Dwellers.DwellerCore.Contracts\Dwellers.DwellerCore.Contracts.csproj", "{C3BA7272-7195-495A-8014-A6F7C3213F3C}"
EndProject
Project("{2150E333-8FDC-42A3-9474-1A3956D46DE8}") = "Infrastructure", "Infrastructure", "{C098DCA3-AF4C-46BC-87D9-E5488F55A545}"
EndProject
Global
	GlobalSection(SolutionConfigurationPlatforms) = preSolution
		Debug|Any CPU = Debug|Any CPU
		Release|Any CPU = Release|Any CPU
	EndGlobalSection
	GlobalSection(ProjectConfigurationPlatforms) = postSolution
		{91D22977-D16A-4385-977D-ABF959E41C3C}.Debug|Any CPU.ActiveCfg = Debug|Any CPU
		{91D22977-D16A-4385-977D-ABF959E41C3C}.Debug|Any CPU.Build.0 = Debug|Any CPU
		{91D22977-D16A-4385-977D-ABF959E41C3C}.Release|Any CPU.ActiveCfg = Release|Any CPU
		{91D22977-D16A-4385-977D-ABF959E41C3C}.Release|Any CPU.Build.0 = Release|Any CPU
		{4C6520B4-D6C6-4A71-BB3E-0046536C9784}.Debug|Any CPU.ActiveCfg = Debug|Any CPU
		{4C6520B4-D6C6-4A71-BB3E-0046536C9784}.Debug|Any CPU.Build.0 = Debug|Any CPU
		{4C6520B4-D6C6-4A71-BB3E-0046536C9784}.Release|Any CPU.ActiveCfg = Release|Any CPU
		{4C6520B4-D6C6-4A71-BB3E-0046536C9784}.Release|Any CPU.Build.0 = Release|Any CPU
		{2C776FDF-A62E-4D49-B3EF-20CB30CE3923}.Debug|Any CPU.ActiveCfg = Debug|Any CPU
		{2C776FDF-A62E-4D49-B3EF-20CB30CE3923}.Debug|Any CPU.Build.0 = Debug|Any CPU
		{2C776FDF-A62E-4D49-B3EF-20CB30CE3923}.Release|Any CPU.ActiveCfg = Release|Any CPU
		{2C776FDF-A62E-4D49-B3EF-20CB30CE3923}.Release|Any CPU.Build.0 = Release|Any CPU
		{D01F180C-93C8-4505-BA83-B1B833B8E90E}.Debug|Any CPU.ActiveCfg = Debug|Any CPU
		{D01F180C-93C8-4505-BA83-B1B833B8E90E}.Debug|Any CPU.Build.0 = Debug|Any CPU
		{D01F180C-93C8-4505-BA83-B1B833B8E90E}.Release|Any CPU.ActiveCfg = Release|Any CPU
		{D01F180C-93C8-4505-BA83-B1B833B8E90E}.Release|Any CPU.Build.0 = Release|Any CPU
		{84380750-A980-46C0-81E8-BCEF602E78C2}.Debug|Any CPU.ActiveCfg = Debug|Any CPU
		{84380750-A980-46C0-81E8-BCEF602E78C2}.Debug|Any CPU.Build.0 = Debug|Any CPU
		{84380750-A980-46C0-81E8-BCEF602E78C2}.Release|Any CPU.ActiveCfg = Release|Any CPU
		{84380750-A980-46C0-81E8-BCEF602E78C2}.Release|Any CPU.Build.0 = Release|Any CPU
		{376CBC09-8B4F-4FB7-B1D6-837AA8456B53}.Debug|Any CPU.ActiveCfg = Debug|Any CPU
		{376CBC09-8B4F-4FB7-B1D6-837AA8456B53}.Debug|Any CPU.Build.0 = Debug|Any CPU
		{376CBC09-8B4F-4FB7-B1D6-837AA8456B53}.Release|Any CPU.ActiveCfg = Release|Any CPU
		{376CBC09-8B4F-4FB7-B1D6-837AA8456B53}.Release|Any CPU.Build.0 = Release|Any CPU
		{559E4F4A-D509-4057-9C92-0B75FCA08AF0}.Debug|Any CPU.ActiveCfg = Debug|Any CPU
		{559E4F4A-D509-4057-9C92-0B75FCA08AF0}.Debug|Any CPU.Build.0 = Debug|Any CPU
		{559E4F4A-D509-4057-9C92-0B75FCA08AF0}.Release|Any CPU.ActiveCfg = Release|Any CPU
		{559E4F4A-D509-4057-9C92-0B75FCA08AF0}.Release|Any CPU.Build.0 = Release|Any CPU
		{65E2057E-0520-4B36-A7EE-D22A7E1E8884}.Debug|Any CPU.ActiveCfg = Debug|Any CPU
		{65E2057E-0520-4B36-A7EE-D22A7E1E8884}.Debug|Any CPU.Build.0 = Debug|Any CPU
		{65E2057E-0520-4B36-A7EE-D22A7E1E8884}.Release|Any CPU.ActiveCfg = Release|Any CPU
		{65E2057E-0520-4B36-A7EE-D22A7E1E8884}.Release|Any CPU.Build.0 = Release|Any CPU
		{78B8736D-EBD9-4753-B72F-1BC664BB84AF}.Debug|Any CPU.ActiveCfg = Debug|Any CPU
		{78B8736D-EBD9-4753-B72F-1BC664BB84AF}.Debug|Any CPU.Build.0 = Debug|Any CPU
		{78B8736D-EBD9-4753-B72F-1BC664BB84AF}.Release|Any CPU.ActiveCfg = Release|Any CPU
		{78B8736D-EBD9-4753-B72F-1BC664BB84AF}.Release|Any CPU.Build.0 = Release|Any CPU
		{E93C6BF8-DE0A-446B-91EE-F33DCD178CEC}.Debug|Any CPU.ActiveCfg = Debug|Any CPU
		{E93C6BF8-DE0A-446B-91EE-F33DCD178CEC}.Debug|Any CPU.Build.0 = Debug|Any CPU
		{E93C6BF8-DE0A-446B-91EE-F33DCD178CEC}.Release|Any CPU.ActiveCfg = Release|Any CPU
		{E93C6BF8-DE0A-446B-91EE-F33DCD178CEC}.Release|Any CPU.Build.0 = Release|Any CPU
		{31C742FC-AFBC-408F-BE89-48E43470507A}.Debug|Any CPU.ActiveCfg = Debug|Any CPU
		{31C742FC-AFBC-408F-BE89-48E43470507A}.Debug|Any CPU.Build.0 = Debug|Any CPU
		{31C742FC-AFBC-408F-BE89-48E43470507A}.Release|Any CPU.ActiveCfg = Release|Any CPU
		{31C742FC-AFBC-408F-BE89-48E43470507A}.Release|Any CPU.Build.0 = Release|Any CPU
		{42D119E5-F187-4E99-9B17-94F74621ECD5}.Debug|Any CPU.ActiveCfg = Debug|Any CPU
		{42D119E5-F187-4E99-9B17-94F74621ECD5}.Debug|Any CPU.Build.0 = Debug|Any CPU
		{42D119E5-F187-4E99-9B17-94F74621ECD5}.Release|Any CPU.ActiveCfg = Release|Any CPU
		{42D119E5-F187-4E99-9B17-94F74621ECD5}.Release|Any CPU.Build.0 = Release|Any CPU
		{A822D1CA-A65B-4C19-AA87-E36C714C6081}.Debug|Any CPU.ActiveCfg = Debug|Any CPU
		{A822D1CA-A65B-4C19-AA87-E36C714C6081}.Debug|Any CPU.Build.0 = Debug|Any CPU
		{A822D1CA-A65B-4C19-AA87-E36C714C6081}.Release|Any CPU.ActiveCfg = Release|Any CPU
		{A822D1CA-A65B-4C19-AA87-E36C714C6081}.Release|Any CPU.Build.0 = Release|Any CPU
		{363486B9-C6AA-4E44-B43E-4C54545B6A22}.Debug|Any CPU.ActiveCfg = Debug|Any CPU
		{363486B9-C6AA-4E44-B43E-4C54545B6A22}.Debug|Any CPU.Build.0 = Debug|Any CPU
		{363486B9-C6AA-4E44-B43E-4C54545B6A22}.Release|Any CPU.ActiveCfg = Release|Any CPU
		{363486B9-C6AA-4E44-B43E-4C54545B6A22}.Release|Any CPU.Build.0 = Release|Any CPU
		{EAEEBCE6-09A8-462F-9614-4FE4B6EB093D}.Debug|Any CPU.ActiveCfg = Debug|Any CPU
		{EAEEBCE6-09A8-462F-9614-4FE4B6EB093D}.Debug|Any CPU.Build.0 = Debug|Any CPU
		{EAEEBCE6-09A8-462F-9614-4FE4B6EB093D}.Release|Any CPU.ActiveCfg = Release|Any CPU
		{EAEEBCE6-09A8-462F-9614-4FE4B6EB093D}.Release|Any CPU.Build.0 = Release|Any CPU
		{00D208C9-59B6-40D2-8D06-F87A7BB6927A}.Debug|Any CPU.ActiveCfg = Debug|Any CPU
		{00D208C9-59B6-40D2-8D06-F87A7BB6927A}.Debug|Any CPU.Build.0 = Debug|Any CPU
		{00D208C9-59B6-40D2-8D06-F87A7BB6927A}.Release|Any CPU.ActiveCfg = Release|Any CPU
		{00D208C9-59B6-40D2-8D06-F87A7BB6927A}.Release|Any CPU.Build.0 = Release|Any CPU
		{DB5D7536-39F0-4DC3-9AE7-FE0EA9C72A17}.Debug|Any CPU.ActiveCfg = Debug|Any CPU
		{DB5D7536-39F0-4DC3-9AE7-FE0EA9C72A17}.Debug|Any CPU.Build.0 = Debug|Any CPU
		{DB5D7536-39F0-4DC3-9AE7-FE0EA9C72A17}.Release|Any CPU.ActiveCfg = Release|Any CPU
		{DB5D7536-39F0-4DC3-9AE7-FE0EA9C72A17}.Release|Any CPU.Build.0 = Release|Any CPU
		{452297CA-0365-4DA3-AE19-AA19DD7124E6}.Debug|Any CPU.ActiveCfg = Debug|Any CPU
		{452297CA-0365-4DA3-AE19-AA19DD7124E6}.Debug|Any CPU.Build.0 = Debug|Any CPU
		{452297CA-0365-4DA3-AE19-AA19DD7124E6}.Release|Any CPU.ActiveCfg = Release|Any CPU
		{452297CA-0365-4DA3-AE19-AA19DD7124E6}.Release|Any CPU.Build.0 = Release|Any CPU
		{6B5E652D-F5DF-47FC-B1C7-91863F92105A}.Debug|Any CPU.ActiveCfg = Debug|Any CPU
		{6B5E652D-F5DF-47FC-B1C7-91863F92105A}.Debug|Any CPU.Build.0 = Debug|Any CPU
		{6B5E652D-F5DF-47FC-B1C7-91863F92105A}.Release|Any CPU.ActiveCfg = Release|Any CPU
		{6B5E652D-F5DF-47FC-B1C7-91863F92105A}.Release|Any CPU.Build.0 = Release|Any CPU
		{98B229C7-84B3-443F-9288-F9575A41BB1A}.Debug|Any CPU.ActiveCfg = Debug|Any CPU
		{98B229C7-84B3-443F-9288-F9575A41BB1A}.Debug|Any CPU.Build.0 = Debug|Any CPU
		{98B229C7-84B3-443F-9288-F9575A41BB1A}.Release|Any CPU.ActiveCfg = Release|Any CPU
		{98B229C7-84B3-443F-9288-F9575A41BB1A}.Release|Any CPU.Build.0 = Release|Any CPU
		{FE81738A-0D72-4EC1-A916-83D52A6A5B4C}.Debug|Any CPU.ActiveCfg = Debug|Any CPU
		{FE81738A-0D72-4EC1-A916-83D52A6A5B4C}.Debug|Any CPU.Build.0 = Debug|Any CPU
		{FE81738A-0D72-4EC1-A916-83D52A6A5B4C}.Release|Any CPU.ActiveCfg = Release|Any CPU
		{FE81738A-0D72-4EC1-A916-83D52A6A5B4C}.Release|Any CPU.Build.0 = Release|Any CPU
		{46B78F6B-89D4-496D-A944-4B1C1A881525}.Debug|Any CPU.ActiveCfg = Debug|Any CPU
		{46B78F6B-89D4-496D-A944-4B1C1A881525}.Debug|Any CPU.Build.0 = Debug|Any CPU
		{46B78F6B-89D4-496D-A944-4B1C1A881525}.Release|Any CPU.ActiveCfg = Release|Any CPU
		{46B78F6B-89D4-496D-A944-4B1C1A881525}.Release|Any CPU.Build.0 = Release|Any CPU
		{C3BA7272-7195-495A-8014-A6F7C3213F3C}.Debug|Any CPU.ActiveCfg = Debug|Any CPU
		{C3BA7272-7195-495A-8014-A6F7C3213F3C}.Debug|Any CPU.Build.0 = Debug|Any CPU
		{C3BA7272-7195-495A-8014-A6F7C3213F3C}.Release|Any CPU.ActiveCfg = Release|Any CPU
		{C3BA7272-7195-495A-8014-A6F7C3213F3C}.Release|Any CPU.Build.0 = Release|Any CPU
	EndGlobalSection
	GlobalSection(SolutionProperties) = preSolution
		HideSolutionNode = FALSE
	EndGlobalSection
	GlobalSection(NestedProjects) = preSolution
		{2C776FDF-A62E-4D49-B3EF-20CB30CE3923} = {500FE27F-380B-4F9C-9077-7CB124CE022C}
		{D01F180C-93C8-4505-BA83-B1B833B8E90E} = {D7CBA853-CF41-4810-AE39-F7329BC85C2E}
		{84380750-A980-46C0-81E8-BCEF602E78C2} = {95F59F7C-D9D3-4415-B2B9-F9791DC2B6DE}
		{376CBC09-8B4F-4FB7-B1D6-837AA8456B53} = {C098B2F0-3FD9-417D-89F7-15E8E5823473}
		{559E4F4A-D509-4057-9C92-0B75FCA08AF0} = {D5B71047-E08B-4FD0-95A9-FA4651F77F81}
		{C098B2F0-3FD9-417D-89F7-15E8E5823473} = {AB869E0A-360E-44AF-B2CC-D5DFCC77F278}
		{65E2057E-0520-4B36-A7EE-D22A7E1E8884} = {C098B2F0-3FD9-417D-89F7-15E8E5823473}
		{78B8736D-EBD9-4753-B72F-1BC664BB84AF} = {D5B71047-E08B-4FD0-95A9-FA4651F77F81}
		{95F59F7C-D9D3-4415-B2B9-F9791DC2B6DE} = {AB869E0A-360E-44AF-B2CC-D5DFCC77F278}
		{E93C6BF8-DE0A-446B-91EE-F33DCD178CEC} = {95F59F7C-D9D3-4415-B2B9-F9791DC2B6DE}
		{31C742FC-AFBC-408F-BE89-48E43470507A} = {D7CBA853-CF41-4810-AE39-F7329BC85C2E}
		{D7CBA853-CF41-4810-AE39-F7329BC85C2E} = {AB869E0A-360E-44AF-B2CC-D5DFCC77F278}
		{D5B71047-E08B-4FD0-95A9-FA4651F77F81} = {AB869E0A-360E-44AF-B2CC-D5DFCC77F278}
		{42D119E5-F187-4E99-9B17-94F74621ECD5} = {C098DCA3-AF4C-46BC-87D9-E5488F55A545}
		{A822D1CA-A65B-4C19-AA87-E36C714C6081} = {C098DCA3-AF4C-46BC-87D9-E5488F55A545}
		{363486B9-C6AA-4E44-B43E-4C54545B6A22} = {D5B71047-E08B-4FD0-95A9-FA4651F77F81}
		{EAEEBCE6-09A8-462F-9614-4FE4B6EB093D} = {D7CBA853-CF41-4810-AE39-F7329BC85C2E}
		{00D208C9-59B6-40D2-8D06-F87A7BB6927A} = {C098B2F0-3FD9-417D-89F7-15E8E5823473}
		{A094301B-2AE9-4D82-9F72-CC673B20AC50} = {AB869E0A-360E-44AF-B2CC-D5DFCC77F278}
		{DB5D7536-39F0-4DC3-9AE7-FE0EA9C72A17} = {A094301B-2AE9-4D82-9F72-CC673B20AC50}
		{452297CA-0365-4DA3-AE19-AA19DD7124E6} = {A094301B-2AE9-4D82-9F72-CC673B20AC50}
		{6B5E652D-F5DF-47FC-B1C7-91863F92105A} = {A094301B-2AE9-4D82-9F72-CC673B20AC50}
		{9798522E-DF61-4D8F-A030-BE5D1C7E76EA} = {A094301B-2AE9-4D82-9F72-CC673B20AC50}
		{98B229C7-84B3-443F-9288-F9575A41BB1A} = {9798522E-DF61-4D8F-A030-BE5D1C7E76EA}
		{083C602A-5DA2-4347-AA40-8F761D0C5387} = {AB869E0A-360E-44AF-B2CC-D5DFCC77F278}
		{FE81738A-0D72-4EC1-A916-83D52A6A5B4C} = {083C602A-5DA2-4347-AA40-8F761D0C5387}
		{46B78F6B-89D4-496D-A944-4B1C1A881525} = {083C602A-5DA2-4347-AA40-8F761D0C5387}
		{C3BA7272-7195-495A-8014-A6F7C3213F3C} = {083C602A-5DA2-4347-AA40-8F761D0C5387}
	EndGlobalSection
	GlobalSection(ExtensibilityGlobals) = postSolution
		SolutionGuid = {03F7727D-0D30-44F6-8909-DD8FFA13ADC5}
	EndGlobalSection
EndGlobal
