
Microsoft Visual Studio Solution File, Format Version 12.00
# Visual Studio Version 17
VisualStudioVersion = 17.4.33213.308
MinimumVisualStudioVersion = 10.0.40219.1
Project("{9A19103F-16F7-4668-BE54-9A1E7A4F7556}") = "DwellersApi", "DwellersApi\DwellersApi.csproj", "{91D22977-D16A-4385-977D-ABF959E41C3C}"
EndProject
Project("{9A19103F-16F7-4668-BE54-9A1E7A4F7556}") = "SharedKernel", "SharedKernel\SharedKernel.csproj", "{4C6520B4-D6C6-4A71-BB3E-0046536C9784}"
EndProject
Project("{2150E333-8FDC-42A3-9474-1A3956D46DE8}") = "Modules", "Modules", "{AB869E0A-360E-44AF-B2CC-D5DFCC77F278}"
EndProject
Project("{2150E333-8FDC-42A3-9474-1A3956D46DE8}") = "Household", "Household", "{FC8E9B25-C904-4A10-A9C4-13D6D80CFFAB}"
EndProject
Project("{9A19103F-16F7-4668-BE54-9A1E7A4F7556}") = "Dwellers.Household", "Dwellers.Household.Application\Dwellers.Household.csproj", "{E5D60AD5-39CA-436B-9869-48BF98B298B2}"
EndProject
Project("{9A19103F-16F7-4668-BE54-9A1E7A4F7556}") = "Dwellers.Household.Contracts", "Dwellers.Household.Contracts\Dwellers.Household.Contracts.csproj", "{E6ADC433-501D-4493-81C5-6A93D1F75691}"
EndProject
Project("{2150E333-8FDC-42A3-9474-1A3956D46DE8}") = "Tests", "Tests", "{500FE27F-380B-4F9C-9077-7CB124CE022C}"
EndProject
Project("{9A19103F-16F7-4668-BE54-9A1E7A4F7556}") = "Dwellers.Household.Tests", "Dwellers.Household.Tests\Dwellers.Household.Tests.csproj", "{69479EE9-FFE1-4A97-A320-866B7C975C65}"
EndProject
Project("{9A19103F-16F7-4668-BE54-9A1E7A4F7556}") = "DwellersApi.Tests", "DwellersApi.Tests\DwellersApi.Tests.csproj", "{2C776FDF-A62E-4D49-B3EF-20CB30CE3923}"
EndProject
Project("{9A19103F-16F7-4668-BE54-9A1E7A4F7556}") = "Dwellers.Chat", "Dwellers.Chat\Dwellers.Chat.csproj", "{D01F180C-93C8-4505-BA83-B1B833B8E90E}"
EndProject
Project("{9A19103F-16F7-4668-BE54-9A1E7A4F7556}") = "Dwellers.Authentication", "Dwellers.Authentication\Dwellers.Authentication.csproj", "{84380750-A980-46C0-81E8-BCEF602E78C2}"
EndProject
Project("{9A19103F-16F7-4668-BE54-9A1E7A4F7556}") = "Dwellers.Offerings", "Dwellers.Offerings\Dwellers.Offerings.csproj", "{376CBC09-8B4F-4FB7-B1D6-837AA8456B53}"
EndProject
Project("{9A19103F-16F7-4668-BE54-9A1E7A4F7556}") = "Dwellers.Calendar", "Dwellers.Calendar\Dwellers.Calendar.csproj", "{559E4F4A-D509-4057-9C92-0B75FCA08AF0}"
EndProject
Project("{2150E333-8FDC-42A3-9474-1A3956D46DE8}") = "Offerings", "Offerings", "{C098B2F0-3FD9-417D-89F7-15E8E5823473}"
EndProject
Project("{9A19103F-16F7-4668-BE54-9A1E7A4F7556}") = "Dwellers.Offerings.Contracts", "Dwellers.Offerings.Contracts\Dwellers.Offerings.Contracts.csproj", "{65E2057E-0520-4B36-A7EE-D22A7E1E8884}"
EndProject
Project("{9A19103F-16F7-4668-BE54-9A1E7A4F7556}") = "Dwellers.Calendar.Contracts", "Dwellers.Calendar.Contracts\Dwellers.Calendar.Contracts.csproj", "{78B8736D-EBD9-4753-B72F-1BC664BB84AF}"
EndProject
Project("{2150E333-8FDC-42A3-9474-1A3956D46DE8}") = "Authentication", "Authentication", "{95F59F7C-D9D3-4415-B2B9-F9791DC2B6DE}"
EndProject
Project("{9A19103F-16F7-4668-BE54-9A1E7A4F7556}") = "Dwellers.Authentication.Contracts", "Dwellers.Authentication.Contracts\Dwellers.Authentication.Contracts.csproj", "{E93C6BF8-DE0A-446B-91EE-F33DCD178CEC}"
EndProject
Project("{9A19103F-16F7-4668-BE54-9A1E7A4F7556}") = "Dwellers.Chat.Contracts", "Dwellers.Chat.Contracts\Dwellers.Chat.Contracts.csproj", "{31C742FC-AFBC-408F-BE89-48E43470507A}"
EndProject
Project("{2150E333-8FDC-42A3-9474-1A3956D46DE8}") = "Chat", "Chat", "{D7CBA853-CF41-4810-AE39-F7329BC85C2E}"
EndProject
Project("{2150E333-8FDC-42A3-9474-1A3956D46DE8}") = "Calendar", "Calendar", "{D5B71047-E08B-4FD0-95A9-FA4651F77F81}"
EndProject
Project("{2150E333-8FDC-42A3-9474-1A3956D46DE8}") = "Notes", "Notes", "{E0CF8A52-C794-4456-AB26-117F56F172F9}"
EndProject
Project("{9A19103F-16F7-4668-BE54-9A1E7A4F7556}") = "Dwellers.Notes.Contracts", "Dwellers.Notes.Contracts\Dwellers.Notes.Contracts.csproj", "{73BCBED9-9E32-4650-9104-4A848DE1F7B8}"
EndProject
Project("{9A19103F-16F7-4668-BE54-9A1E7A4F7556}") = "Dwellers.Notes", "Dwellers.Notes\Dwellers.Notes.csproj", "{1DA9D2F6-2B3E-4B73-90D7-04325A77FB1B}"
EndProject
Project("{9A19103F-16F7-4668-BE54-9A1E7A4F7556}") = "Dwellers.Common.Persistance", "Dwellers.Common.Persistance\Dwellers.Common.Persistance.csproj", "{42D119E5-F187-4E99-9B17-94F74621ECD5}"
EndProject
Project("{9A19103F-16F7-4668-BE54-9A1E7A4F7556}") = "Dwellers.Common.Data", "Dwellers.Common.Data\Dwellers.Common.Data.csproj", "{A822D1CA-A65B-4C19-AA87-E36C714C6081}"
EndProject
Project("{9A19103F-16F7-4668-BE54-9A1E7A4F7556}") = "Dwellers.Calendar.Domain", "Dwellers.Calendar.Domain\Dwellers.Calendar.Domain.csproj", "{363486B9-C6AA-4E44-B43E-4C54545B6A22}"
EndProject
Project("{9A19103F-16F7-4668-BE54-9A1E7A4F7556}") = "Dwellers.Chat.Domain", "Dwellers.Chat.Domain\Dwellers.Chat.Domain.csproj", "{EAEEBCE6-09A8-462F-9614-4FE4B6EB093D}"
EndProject
Project("{9A19103F-16F7-4668-BE54-9A1E7A4F7556}") = "Dwellers.Household.Domain", "Dwellers.Household.Domain\Dwellers.Household.Domain.csproj", "{E0FA9F50-3BE9-4CEA-AE3E-C10D9F7239BC}"
EndProject
Project("{9A19103F-16F7-4668-BE54-9A1E7A4F7556}") = "Dwellers.Offerings.Domain", "Dwellers.Offerings.Domain\Dwellers.Offerings.Domain.csproj", "{00D208C9-59B6-40D2-8D06-F87A7BB6927A}"
EndProject
Project("{9A19103F-16F7-4668-BE54-9A1E7A4F7556}") = "Dwellers.Notes.Domain", "Dwellers.Notes.Domain\Dwellers.Notes.Domain.csproj", "{574274D8-3FBB-4A15-B153-631BF6082350}"
EndProject
Project("{2150E333-8FDC-42A3-9474-1A3956D46DE8}") = "Bulletins", "Bulletins", "{A094301B-2AE9-4D82-9F72-CC673B20AC50}"
EndProject
Project("{FAE04EC0-301F-11D3-BF4B-00C04F79EFBC}") = "Dwellers.Bulletin.Domain", "Dwellers.Bulletin.Domain\Dwellers.Bulletin.Domain.csproj", "{B691C87E-95E9-4C32-86C2-FEC153E4D18C}"
EndProject
Project("{FAE04EC0-301F-11D3-BF4B-00C04F79EFBC}") = "Dwellers.Bulletin.Application", "Dwellers.Bulletin.Application\Dwellers.Bulletin.Application.csproj", "{827045E4-A9F1-4127-A0AB-2E105C38EFBB}"
EndProject
Project("{FAE04EC0-301F-11D3-BF4B-00C04F79EFBC}") = "Dwellers.EventBus", "Dwellers.EventBus\Dwellers.EventBus.csproj", "{FD9D6B82-A1F3-4F63-BA8C-445E4F8B2B76}"
EndProject
Global
	GlobalSection(SolutionConfigurationPlatforms) = preSolution
		Debug|Any CPU = Debug|Any CPU
		Release|Any CPU = Release|Any CPU
	EndGlobalSection
	GlobalSection(ProjectConfigurationPlatforms) = postSolution
		{91D22977-D16A-4385-977D-ABF959E41C3C}.Debug|Any CPU.ActiveCfg = Debug|Any CPU
		{91D22977-D16A-4385-977D-ABF959E41C3C}.Debug|Any CPU.Build.0 = Debug|Any CPU
		{91D22977-D16A-4385-977D-ABF959E41C3C}.Release|Any CPU.ActiveCfg = Release|Any CPU
		{91D22977-D16A-4385-977D-ABF959E41C3C}.Release|Any CPU.Build.0 = Release|Any CPU
		{4C6520B4-D6C6-4A71-BB3E-0046536C9784}.Debug|Any CPU.ActiveCfg = Debug|Any CPU
		{4C6520B4-D6C6-4A71-BB3E-0046536C9784}.Debug|Any CPU.Build.0 = Debug|Any CPU
		{4C6520B4-D6C6-4A71-BB3E-0046536C9784}.Release|Any CPU.ActiveCfg = Release|Any CPU
		{4C6520B4-D6C6-4A71-BB3E-0046536C9784}.Release|Any CPU.Build.0 = Release|Any CPU
		{E5D60AD5-39CA-436B-9869-48BF98B298B2}.Debug|Any CPU.ActiveCfg = Debug|Any CPU
		{E5D60AD5-39CA-436B-9869-48BF98B298B2}.Debug|Any CPU.Build.0 = Debug|Any CPU
		{E5D60AD5-39CA-436B-9869-48BF98B298B2}.Release|Any CPU.ActiveCfg = Release|Any CPU
		{E5D60AD5-39CA-436B-9869-48BF98B298B2}.Release|Any CPU.Build.0 = Release|Any CPU
		{E6ADC433-501D-4493-81C5-6A93D1F75691}.Debug|Any CPU.ActiveCfg = Debug|Any CPU
		{E6ADC433-501D-4493-81C5-6A93D1F75691}.Debug|Any CPU.Build.0 = Debug|Any CPU
		{E6ADC433-501D-4493-81C5-6A93D1F75691}.Release|Any CPU.ActiveCfg = Release|Any CPU
		{E6ADC433-501D-4493-81C5-6A93D1F75691}.Release|Any CPU.Build.0 = Release|Any CPU
		{69479EE9-FFE1-4A97-A320-866B7C975C65}.Debug|Any CPU.ActiveCfg = Debug|Any CPU
		{69479EE9-FFE1-4A97-A320-866B7C975C65}.Debug|Any CPU.Build.0 = Debug|Any CPU
		{69479EE9-FFE1-4A97-A320-866B7C975C65}.Release|Any CPU.ActiveCfg = Release|Any CPU
		{69479EE9-FFE1-4A97-A320-866B7C975C65}.Release|Any CPU.Build.0 = Release|Any CPU
		{2C776FDF-A62E-4D49-B3EF-20CB30CE3923}.Debug|Any CPU.ActiveCfg = Debug|Any CPU
		{2C776FDF-A62E-4D49-B3EF-20CB30CE3923}.Debug|Any CPU.Build.0 = Debug|Any CPU
		{2C776FDF-A62E-4D49-B3EF-20CB30CE3923}.Release|Any CPU.ActiveCfg = Release|Any CPU
		{2C776FDF-A62E-4D49-B3EF-20CB30CE3923}.Release|Any CPU.Build.0 = Release|Any CPU
		{D01F180C-93C8-4505-BA83-B1B833B8E90E}.Debug|Any CPU.ActiveCfg = Debug|Any CPU
		{D01F180C-93C8-4505-BA83-B1B833B8E90E}.Debug|Any CPU.Build.0 = Debug|Any CPU
		{D01F180C-93C8-4505-BA83-B1B833B8E90E}.Release|Any CPU.ActiveCfg = Release|Any CPU
		{D01F180C-93C8-4505-BA83-B1B833B8E90E}.Release|Any CPU.Build.0 = Release|Any CPU
		{84380750-A980-46C0-81E8-BCEF602E78C2}.Debug|Any CPU.ActiveCfg = Debug|Any CPU
		{84380750-A980-46C0-81E8-BCEF602E78C2}.Debug|Any CPU.Build.0 = Debug|Any CPU
		{84380750-A980-46C0-81E8-BCEF602E78C2}.Release|Any CPU.ActiveCfg = Release|Any CPU
		{84380750-A980-46C0-81E8-BCEF602E78C2}.Release|Any CPU.Build.0 = Release|Any CPU
		{376CBC09-8B4F-4FB7-B1D6-837AA8456B53}.Debug|Any CPU.ActiveCfg = Debug|Any CPU
		{376CBC09-8B4F-4FB7-B1D6-837AA8456B53}.Debug|Any CPU.Build.0 = Debug|Any CPU
		{376CBC09-8B4F-4FB7-B1D6-837AA8456B53}.Release|Any CPU.ActiveCfg = Release|Any CPU
		{376CBC09-8B4F-4FB7-B1D6-837AA8456B53}.Release|Any CPU.Build.0 = Release|Any CPU
		{559E4F4A-D509-4057-9C92-0B75FCA08AF0}.Debug|Any CPU.ActiveCfg = Debug|Any CPU
		{559E4F4A-D509-4057-9C92-0B75FCA08AF0}.Debug|Any CPU.Build.0 = Debug|Any CPU
		{559E4F4A-D509-4057-9C92-0B75FCA08AF0}.Release|Any CPU.ActiveCfg = Release|Any CPU
		{559E4F4A-D509-4057-9C92-0B75FCA08AF0}.Release|Any CPU.Build.0 = Release|Any CPU
		{65E2057E-0520-4B36-A7EE-D22A7E1E8884}.Debug|Any CPU.ActiveCfg = Debug|Any CPU
		{65E2057E-0520-4B36-A7EE-D22A7E1E8884}.Debug|Any CPU.Build.0 = Debug|Any CPU
		{65E2057E-0520-4B36-A7EE-D22A7E1E8884}.Release|Any CPU.ActiveCfg = Release|Any CPU
		{65E2057E-0520-4B36-A7EE-D22A7E1E8884}.Release|Any CPU.Build.0 = Release|Any CPU
		{78B8736D-EBD9-4753-B72F-1BC664BB84AF}.Debug|Any CPU.ActiveCfg = Debug|Any CPU
		{78B8736D-EBD9-4753-B72F-1BC664BB84AF}.Debug|Any CPU.Build.0 = Debug|Any CPU
		{78B8736D-EBD9-4753-B72F-1BC664BB84AF}.Release|Any CPU.ActiveCfg = Release|Any CPU
		{78B8736D-EBD9-4753-B72F-1BC664BB84AF}.Release|Any CPU.Build.0 = Release|Any CPU
		{E93C6BF8-DE0A-446B-91EE-F33DCD178CEC}.Debug|Any CPU.ActiveCfg = Debug|Any CPU
		{E93C6BF8-DE0A-446B-91EE-F33DCD178CEC}.Debug|Any CPU.Build.0 = Debug|Any CPU
		{E93C6BF8-DE0A-446B-91EE-F33DCD178CEC}.Release|Any CPU.ActiveCfg = Release|Any CPU
		{E93C6BF8-DE0A-446B-91EE-F33DCD178CEC}.Release|Any CPU.Build.0 = Release|Any CPU
		{31C742FC-AFBC-408F-BE89-48E43470507A}.Debug|Any CPU.ActiveCfg = Debug|Any CPU
		{31C742FC-AFBC-408F-BE89-48E43470507A}.Debug|Any CPU.Build.0 = Debug|Any CPU
		{31C742FC-AFBC-408F-BE89-48E43470507A}.Release|Any CPU.ActiveCfg = Release|Any CPU
		{31C742FC-AFBC-408F-BE89-48E43470507A}.Release|Any CPU.Build.0 = Release|Any CPU
		{73BCBED9-9E32-4650-9104-4A848DE1F7B8}.Debug|Any CPU.ActiveCfg = Debug|Any CPU
		{73BCBED9-9E32-4650-9104-4A848DE1F7B8}.Debug|Any CPU.Build.0 = Debug|Any CPU
		{73BCBED9-9E32-4650-9104-4A848DE1F7B8}.Release|Any CPU.ActiveCfg = Release|Any CPU
		{73BCBED9-9E32-4650-9104-4A848DE1F7B8}.Release|Any CPU.Build.0 = Release|Any CPU
		{1DA9D2F6-2B3E-4B73-90D7-04325A77FB1B}.Debug|Any CPU.ActiveCfg = Debug|Any CPU
		{1DA9D2F6-2B3E-4B73-90D7-04325A77FB1B}.Debug|Any CPU.Build.0 = Debug|Any CPU
		{1DA9D2F6-2B3E-4B73-90D7-04325A77FB1B}.Release|Any CPU.ActiveCfg = Release|Any CPU
		{1DA9D2F6-2B3E-4B73-90D7-04325A77FB1B}.Release|Any CPU.Build.0 = Release|Any CPU
		{42D119E5-F187-4E99-9B17-94F74621ECD5}.Debug|Any CPU.ActiveCfg = Debug|Any CPU
		{42D119E5-F187-4E99-9B17-94F74621ECD5}.Debug|Any CPU.Build.0 = Debug|Any CPU
		{42D119E5-F187-4E99-9B17-94F74621ECD5}.Release|Any CPU.ActiveCfg = Release|Any CPU
		{42D119E5-F187-4E99-9B17-94F74621ECD5}.Release|Any CPU.Build.0 = Release|Any CPU
		{A822D1CA-A65B-4C19-AA87-E36C714C6081}.Debug|Any CPU.ActiveCfg = Debug|Any CPU
		{A822D1CA-A65B-4C19-AA87-E36C714C6081}.Debug|Any CPU.Build.0 = Debug|Any CPU
		{A822D1CA-A65B-4C19-AA87-E36C714C6081}.Release|Any CPU.ActiveCfg = Release|Any CPU
		{A822D1CA-A65B-4C19-AA87-E36C714C6081}.Release|Any CPU.Build.0 = Release|Any CPU
		{363486B9-C6AA-4E44-B43E-4C54545B6A22}.Debug|Any CPU.ActiveCfg = Debug|Any CPU
		{363486B9-C6AA-4E44-B43E-4C54545B6A22}.Debug|Any CPU.Build.0 = Debug|Any CPU
		{363486B9-C6AA-4E44-B43E-4C54545B6A22}.Release|Any CPU.ActiveCfg = Release|Any CPU
		{363486B9-C6AA-4E44-B43E-4C54545B6A22}.Release|Any CPU.Build.0 = Release|Any CPU
		{EAEEBCE6-09A8-462F-9614-4FE4B6EB093D}.Debug|Any CPU.ActiveCfg = Debug|Any CPU
		{EAEEBCE6-09A8-462F-9614-4FE4B6EB093D}.Debug|Any CPU.Build.0 = Debug|Any CPU
		{EAEEBCE6-09A8-462F-9614-4FE4B6EB093D}.Release|Any CPU.ActiveCfg = Release|Any CPU
		{EAEEBCE6-09A8-462F-9614-4FE4B6EB093D}.Release|Any CPU.Build.0 = Release|Any CPU
		{E0FA9F50-3BE9-4CEA-AE3E-C10D9F7239BC}.Debug|Any CPU.ActiveCfg = Debug|Any CPU
		{E0FA9F50-3BE9-4CEA-AE3E-C10D9F7239BC}.Debug|Any CPU.Build.0 = Debug|Any CPU
		{E0FA9F50-3BE9-4CEA-AE3E-C10D9F7239BC}.Release|Any CPU.ActiveCfg = Release|Any CPU
		{E0FA9F50-3BE9-4CEA-AE3E-C10D9F7239BC}.Release|Any CPU.Build.0 = Release|Any CPU
		{00D208C9-59B6-40D2-8D06-F87A7BB6927A}.Debug|Any CPU.ActiveCfg = Debug|Any CPU
		{00D208C9-59B6-40D2-8D06-F87A7BB6927A}.Debug|Any CPU.Build.0 = Debug|Any CPU
		{00D208C9-59B6-40D2-8D06-F87A7BB6927A}.Release|Any CPU.ActiveCfg = Release|Any CPU
		{00D208C9-59B6-40D2-8D06-F87A7BB6927A}.Release|Any CPU.Build.0 = Release|Any CPU
		{574274D8-3FBB-4A15-B153-631BF6082350}.Debug|Any CPU.ActiveCfg = Debug|Any CPU
		{574274D8-3FBB-4A15-B153-631BF6082350}.Debug|Any CPU.Build.0 = Debug|Any CPU
		{574274D8-3FBB-4A15-B153-631BF6082350}.Release|Any CPU.ActiveCfg = Release|Any CPU
		{574274D8-3FBB-4A15-B153-631BF6082350}.Release|Any CPU.Build.0 = Release|Any CPU
		{B691C87E-95E9-4C32-86C2-FEC153E4D18C}.Debug|Any CPU.ActiveCfg = Debug|Any CPU
		{B691C87E-95E9-4C32-86C2-FEC153E4D18C}.Debug|Any CPU.Build.0 = Debug|Any CPU
		{B691C87E-95E9-4C32-86C2-FEC153E4D18C}.Release|Any CPU.ActiveCfg = Release|Any CPU
		{B691C87E-95E9-4C32-86C2-FEC153E4D18C}.Release|Any CPU.Build.0 = Release|Any CPU
		{827045E4-A9F1-4127-A0AB-2E105C38EFBB}.Debug|Any CPU.ActiveCfg = Debug|Any CPU
		{827045E4-A9F1-4127-A0AB-2E105C38EFBB}.Debug|Any CPU.Build.0 = Debug|Any CPU
		{827045E4-A9F1-4127-A0AB-2E105C38EFBB}.Release|Any CPU.ActiveCfg = Release|Any CPU
		{827045E4-A9F1-4127-A0AB-2E105C38EFBB}.Release|Any CPU.Build.0 = Release|Any CPU
		{FD9D6B82-A1F3-4F63-BA8C-445E4F8B2B76}.Debug|Any CPU.ActiveCfg = Debug|Any CPU
		{FD9D6B82-A1F3-4F63-BA8C-445E4F8B2B76}.Debug|Any CPU.Build.0 = Debug|Any CPU
		{FD9D6B82-A1F3-4F63-BA8C-445E4F8B2B76}.Release|Any CPU.ActiveCfg = Release|Any CPU
		{FD9D6B82-A1F3-4F63-BA8C-445E4F8B2B76}.Release|Any CPU.Build.0 = Release|Any CPU
	EndGlobalSection
	GlobalSection(SolutionProperties) = preSolution
		HideSolutionNode = FALSE
	EndGlobalSection
	GlobalSection(NestedProjects) = preSolution
		{FC8E9B25-C904-4A10-A9C4-13D6D80CFFAB} = {E0CF8A52-C794-4456-AB26-117F56F172F9}
		{E5D60AD5-39CA-436B-9869-48BF98B298B2} = {FC8E9B25-C904-4A10-A9C4-13D6D80CFFAB}
		{E6ADC433-501D-4493-81C5-6A93D1F75691} = {FC8E9B25-C904-4A10-A9C4-13D6D80CFFAB}
		{69479EE9-FFE1-4A97-A320-866B7C975C65} = {500FE27F-380B-4F9C-9077-7CB124CE022C}
		{2C776FDF-A62E-4D49-B3EF-20CB30CE3923} = {500FE27F-380B-4F9C-9077-7CB124CE022C}
		{D01F180C-93C8-4505-BA83-B1B833B8E90E} = {D7CBA853-CF41-4810-AE39-F7329BC85C2E}
		{84380750-A980-46C0-81E8-BCEF602E78C2} = {95F59F7C-D9D3-4415-B2B9-F9791DC2B6DE}
		{376CBC09-8B4F-4FB7-B1D6-837AA8456B53} = {C098B2F0-3FD9-417D-89F7-15E8E5823473}
		{559E4F4A-D509-4057-9C92-0B75FCA08AF0} = {D5B71047-E08B-4FD0-95A9-FA4651F77F81}
		{C098B2F0-3FD9-417D-89F7-15E8E5823473} = {AB869E0A-360E-44AF-B2CC-D5DFCC77F278}
		{65E2057E-0520-4B36-A7EE-D22A7E1E8884} = {C098B2F0-3FD9-417D-89F7-15E8E5823473}
		{78B8736D-EBD9-4753-B72F-1BC664BB84AF} = {D5B71047-E08B-4FD0-95A9-FA4651F77F81}
		{95F59F7C-D9D3-4415-B2B9-F9791DC2B6DE} = {AB869E0A-360E-44AF-B2CC-D5DFCC77F278}
		{E93C6BF8-DE0A-446B-91EE-F33DCD178CEC} = {95F59F7C-D9D3-4415-B2B9-F9791DC2B6DE}
		{31C742FC-AFBC-408F-BE89-48E43470507A} = {D7CBA853-CF41-4810-AE39-F7329BC85C2E}
		{D7CBA853-CF41-4810-AE39-F7329BC85C2E} = {AB869E0A-360E-44AF-B2CC-D5DFCC77F278}
		{D5B71047-E08B-4FD0-95A9-FA4651F77F81} = {AB869E0A-360E-44AF-B2CC-D5DFCC77F278}
		{E0CF8A52-C794-4456-AB26-117F56F172F9} = {AB869E0A-360E-44AF-B2CC-D5DFCC77F278}
		{73BCBED9-9E32-4650-9104-4A848DE1F7B8} = {E0CF8A52-C794-4456-AB26-117F56F172F9}
		{1DA9D2F6-2B3E-4B73-90D7-04325A77FB1B} = {E0CF8A52-C794-4456-AB26-117F56F172F9}
		{363486B9-C6AA-4E44-B43E-4C54545B6A22} = {D5B71047-E08B-4FD0-95A9-FA4651F77F81}
		{EAEEBCE6-09A8-462F-9614-4FE4B6EB093D} = {D7CBA853-CF41-4810-AE39-F7329BC85C2E}
		{E0FA9F50-3BE9-4CEA-AE3E-C10D9F7239BC} = {FC8E9B25-C904-4A10-A9C4-13D6D80CFFAB}
		{00D208C9-59B6-40D2-8D06-F87A7BB6927A} = {C098B2F0-3FD9-417D-89F7-15E8E5823473}
		{574274D8-3FBB-4A15-B153-631BF6082350} = {E0CF8A52-C794-4456-AB26-117F56F172F9}
		{A094301B-2AE9-4D82-9F72-CC673B20AC50} = {AB869E0A-360E-44AF-B2CC-D5DFCC77F278}
		{B691C87E-95E9-4C32-86C2-FEC153E4D18C} = {A094301B-2AE9-4D82-9F72-CC673B20AC50}
		{827045E4-A9F1-4127-A0AB-2E105C38EFBB} = {A094301B-2AE9-4D82-9F72-CC673B20AC50}
	EndGlobalSection
	GlobalSection(ExtensibilityGlobals) = postSolution
		SolutionGuid = {03F7727D-0D30-44F6-8909-DD8FFA13ADC5}
	EndGlobalSection
EndGlobal
